// !$*UTF8*$!
{
	archiveVersion = 1;
	classes = {
	};
	objectVersion = 46;
	objects = {

/* Begin PBXBuildFile section */
		F17771121C70D596004F7D22 /* Bowtie+CoreDataProperties.swift in Sources */ = {isa = PBXBuildFile; fileRef = F17771101C70D596004F7D22 /* Bowtie+CoreDataProperties.swift */; };
		F17771131C70D596004F7D22 /* Bowtie.swift in Sources */ = {isa = PBXBuildFile; fileRef = F17771111C70D596004F7D22 /* Bowtie.swift */; };
		F1AC03671C70BBFA00FD749A /* AppDelegate.swift in Sources */ = {isa = PBXBuildFile; fileRef = F1AC03661C70BBFA00FD749A /* AppDelegate.swift */; };
		F1AC03691C70BBFA00FD749A /* ViewController.swift in Sources */ = {isa = PBXBuildFile; fileRef = F1AC03681C70BBFA00FD749A /* ViewController.swift */; };
		F1AC036C1C70BBFA00FD749A /* Main.storyboard in Resources */ = {isa = PBXBuildFile; fileRef = F1AC036A1C70BBFA00FD749A /* Main.storyboard */; };
		F1AC036F1C70BBFA00FD749A /* rating_sample.xcdatamodeld in Sources */ = {isa = PBXBuildFile; fileRef = F1AC036D1C70BBFA00FD749A /* rating_sample.xcdatamodeld */; };
		F1AC03711C70BBFA00FD749A /* Assets.xcassets in Resources */ = {isa = PBXBuildFile; fileRef = F1AC03701C70BBFA00FD749A /* Assets.xcassets */; };
		F1AC03741C70BBFA00FD749A /* LaunchScreen.storyboard in Resources */ = {isa = PBXBuildFile; fileRef = F1AC03721C70BBFA00FD749A /* LaunchScreen.storyboard */; };
		F1AC037C1C70C59C00FD749A /* SampleData.plist in Resources */ = {isa = PBXBuildFile; fileRef = F1AC037B1C70C59C00FD749A /* SampleData.plist */; };
/* End PBXBuildFile section */

/* Begin PBXFileReference section */
		F17771101C70D596004F7D22 /* Bowtie+CoreDataProperties.swift */ = {isa = PBXFileReference; fileEncoding = 4; lastKnownFileType = sourcecode.swift; path = "Bowtie+CoreDataProperties.swift"; sourceTree = "<group>"; };
		F17771111C70D596004F7D22 /* Bowtie.swift */ = {isa = PBXFileReference; fileEncoding = 4; lastKnownFileType = sourcecode.swift; path = Bowtie.swift; sourceTree = "<group>"; };
		F1AC03631C70BBFA00FD749A /* rating-sample.app */ = {isa = PBXFileReference; explicitFileType = wrapper.application; includeInIndex = 0; path = "rating-sample.app"; sourceTree = BUILT_PRODUCTS_DIR; };
		F1AC03661C70BBFA00FD749A /* AppDelegate.swift */ = {isa = PBXFileReference; lastKnownFileType = sourcecode.swift; path = AppDelegate.swift; sourceTree = "<group>"; };
		F1AC03681C70BBFA00FD749A /* ViewController.swift */ = {isa = PBXFileReference; lastKnownFileType = sourcecode.swift; path = ViewController.swift; sourceTree = "<group>"; };
		F1AC036B1C70BBFA00FD749A /* Base */ = {isa = PBXFileReference; lastKnownFileType = file.storyboard; name = Base; path = Base.lproj/Main.storyboard; sourceTree = "<group>"; };
		F1AC036E1C70BBFA00FD749A /* rating_sample.xcdatamodel */ = {isa = PBXFileReference; lastKnownFileType = wrapper.xcdatamodel; path = rating_sample.xcdatamodel; sourceTree = "<group>"; };
		F1AC03701C70BBFA00FD749A /* Assets.xcassets */ = {isa = PBXFileReference; lastKnownFileType = folder.assetcatalog; path = Assets.xcassets; sourceTree = "<group>"; };
		F1AC03731C70BBFA00FD749A /* Base */ = {isa = PBXFileReference; lastKnownFileType = file.storyboard; name = Base; path = Base.lproj/LaunchScreen.storyboard; sourceTree = "<group>"; };
		F1AC03751C70BBFA00FD749A /* Info.plist */ = {isa = PBXFileReference; lastKnownFileType = text.plist.xml; path = Info.plist; sourceTree = "<group>"; };
		F1AC037B1C70C59C00FD749A /* SampleData.plist */ = {isa = PBXFileReference; fileEncoding = 4; lastKnownFileType = text.plist.xml; name = SampleData.plist; path = ../SampleData.plist; sourceTree = "<group>"; };
/* End PBXFileReference section */

/* Begin PBXFrameworksBuildPhase section */
		F1AC03601C70BBFA00FD749A /* Frameworks */ = {
			isa = PBXFrameworksBuildPhase;
			buildActionMask = 2147483647;
			files = (
			);
			runOnlyForDeploymentPostprocessing = 0;
		};
/* End PBXFrameworksBuildPhase section */

/* Begin PBXGroup section */
		F1AC035A1C70BBFA00FD749A = {
			isa = PBXGroup;
			children = (
				F17771101C70D596004F7D22 /* Bowtie+CoreDataProperties.swift */,
				F17771111C70D596004F7D22 /* Bowtie.swift */,
				F1AC03651C70BBFA00FD749A /* rating-sample */,
				F1AC03641C70BBFA00FD749A /* Products */,
			);
			sourceTree = "<group>";
		};
		F1AC03641C70BBFA00FD749A /* Products */ = {
			isa = PBXGroup;
			children = (
				F1AC03631C70BBFA00FD749A /* rating-sample.app */,
			);
			name = Products;
			sourceTree = "<group>";
		};
		F1AC03651C70BBFA00FD749A /* rating-sample */ = {
			isa = PBXGroup;
			children = (
				F1AC03801C70C6A600FD749A /* View */,
				F1AC037F1C70C69F00FD749A /* Model */,
				F1AC037E1C70C69400FD749A /* Data */,
				F1AC037D1C70C68500FD749A /* Controller */,
				F1AC03661C70BBFA00FD749A /* AppDelegate.swift */,
				F1AC03701C70BBFA00FD749A /* Assets.xcassets */,
				F1AC03751C70BBFA00FD749A /* Info.plist */,
			);
			path = "rating-sample";
			sourceTree = "<group>";
		};
		F1AC037D1C70C68500FD749A /* Controller */ = {
			isa = PBXGroup;
			children = (
				F1AC03681C70BBFA00FD749A /* ViewController.swift */,
			);
			name = Controller;
			sourceTree = "<group>";
		};
		F1AC037E1C70C69400FD749A /* Data */ = {
			isa = PBXGroup;
			children = (
				F1AC037B1C70C59C00FD749A /* SampleData.plist */,
				F1AC036D1C70BBFA00FD749A /* rating_sample.xcdatamodeld */,
			);
			name = Data;
			sourceTree = "<group>";
		};
		F1AC037F1C70C69F00FD749A /* Model */ = {
			isa = PBXGroup;
			children = (
			);
			name = Model;
			sourceTree = "<group>";
		};
		F1AC03801C70C6A600FD749A /* View */ = {
			isa = PBXGroup;
			children = (
				F1AC036A1C70BBFA00FD749A /* Main.storyboard */,
				F1AC03721C70BBFA00FD749A /* LaunchScreen.storyboard */,
			);
			name = View;
			sourceTree = "<group>";
		};
/* End PBXGroup section */

/* Begin PBXNativeTarget section */
		F1AC03621C70BBFA00FD749A /* rating-sample */ = {
			isa = PBXNativeTarget;
			buildConfigurationList = F1AC03781C70BBFA00FD749A /* Build configuration list for PBXNativeTarget "rating-sample" */;
			buildPhases = (
				F1AC035F1C70BBFA00FD749A /* Sources */,
				F1AC03601C70BBFA00FD749A /* Frameworks */,
				F1AC03611C70BBFA00FD749A /* Resources */,
			);
			buildRules = (
			);
			dependencies = (
			);
			name = "rating-sample";
			productName = "rating-sample";
			productReference = F1AC03631C70BBFA00FD749A /* rating-sample.app */;
			productType = "com.apple.product-type.application";
		};
/* End PBXNativeTarget section */

/* Begin PBXProject section */
		F1AC035B1C70BBFA00FD749A /* Project object */ = {
			isa = PBXProject;
			attributes = {
				LastSwiftUpdateCheck = 0720;
				LastUpgradeCheck = 0720;
				ORGANIZATIONNAME = "Kate Simmons";
				TargetAttributes = {
					F1AC03621C70BBFA00FD749A = {
						CreatedOnToolsVersion = 7.2.1;
					};
				};
			};
			buildConfigurationList = F1AC035E1C70BBFA00FD749A /* Build configuration list for PBXProject "rating-sample" */;
			compatibilityVersion = "Xcode 3.2";
			developmentRegion = English;
			hasScannedForEncodings = 0;
			knownRegions = (
				en,
				Base,
			);
			mainGroup = F1AC035A1C70BBFA00FD749A;
			productRefGroup = F1AC03641C70BBFA00FD749A /* Products */;
			projectDirPath = "";
			projectRoot = "";
			targets = (
				F1AC03621C70BBFA00FD749A /* rating-sample */,
			);
		};
/* End PBXProject section */

/* Begin PBXResourcesBuildPhase section */
		F1AC03611C70BBFA00FD749A /* Resources */ = {
			isa = PBXResourcesBuildPhase;
			buildActionMask = 2147483647;
			files = (
				F1AC03741C70BBFA00FD749A /* LaunchScreen.storyboard in Resources */,
				F1AC03711C70BBFA00FD749A /* Assets.xcassets in Resources */,
				F1AC037C1C70C59C00FD749A /* SampleData.plist in Resources */,
				F1AC036C1C70BBFA00FD749A /* Main.storyboard in Resources */,
			);
			runOnlyForDeploymentPostprocessing = 0;
		};
/* End PBXResourcesBuildPhase section */

/* Begin PBXSourcesBuildPhase section */
		F1AC035F1C70BBFA00FD749A /* Sources */ = {
			isa = PBXSourcesBuildPhase;
			buildActionMask = 2147483647;
			files = (
				F1AC03691C70BBFA00FD749A /* ViewController.swift in Sources */,
				F1AC036F1C70BBFA00FD749A /* rating_sample.xcdatamodeld in Sources */,
				F1AC03671C70BBFA00FD749A /* AppDelegate.swift in Sources */,
				F17771131C70D596004F7D22 /* Bowtie.swift in Sources */,
				F17771121C70D596004F7D22 /* Bowtie+CoreDataProperties.swift in Sources */,
			);
			runOnlyForDeploymentPostprocessing = 0;
		};
/* End PBXSourcesBuildPhase section */

/* Begin PBXVariantGroup section */
		F1AC036A1C70BBFA00FD749A /* Main.storyboard */ = {
			isa = PBXVariantGroup;
			children = (
				F1AC036B1C70BBFA00FD749A /* Base */,
			);
			name = Main.storyboard;
			sourceTree = "<group>";
		};
		F1AC03721C70BBFA00FD749A /* LaunchScreen.storyboard */ = {
			isa = PBXVariantGroup;
			children = (
				F1AC03731C70BBFA00FD749A /* Base */,
			);
			name = LaunchScreen.storyboard;
			sourceTree = "<group>";
		};
/* End PBXVariantGroup section */

/* Begin XCBuildConfiguration section */
		F1AC03761C70BBFA00FD749A /* Debug */ = {
			isa = XCBuildConfiguration;
			buildSettings = {
				ALWAYS_SEARCH_USER_PATHS = NO;
				CLANG_CXX_LANGUAGE_STANDARD = "gnu++0x";
				CLANG_CXX_LIBRARY = "libc++";
				CLANG_ENABLE_MODULES = YES;
				CLANG_ENABLE_OBJC_ARC = YES;
				CLANG_WARN_BOOL_CONVERSION = YES;
				CLANG_WARN_CONSTANT_CONVERSION = YES;
				CLANG_WARN_DIRECT_OBJC_ISA_USAGE = YES_ERROR;
				CLANG_WARN_EMPTY_BODY = YES;
				CLANG_WARN_ENUM_CONVERSION = YES;
				CLANG_WARN_INT_CONVERSION = YES;
				CLANG_WARN_OBJC_ROOT_CLASS = YES_ERROR;
				CLANG_WARN_UNREACHABLE_CODE = YES;
				CLANG_WARN__DUPLICATE_METHOD_MATCH = YES;
				"CODE_SIGN_IDENTITY[sdk=iphoneos*]" = "iPhone Developer";
				COPY_PHASE_STRIP = NO;
				DEBUG_INFORMATION_FORMAT = dwarf;
				ENABLE_STRICT_OBJC_MSGSEND = YES;
				ENABLE_TESTABILITY = YES;
				GCC_C_LANGUAGE_STANDARD = gnu99;
				GCC_DYNAMIC_NO_PIC = NO;
				GCC_NO_COMMON_BLOCKS = YES;
				GCC_OPTIMIZATION_LEVEL = 0;
				GCC_PREPROCESSOR_DEFINITIONS = (
					"DEBUG=1",
					"$(inherited)",
				);
				GCC_WARN_64_TO_32_BIT_CONVERSION = YES;
				GCC_WARN_ABOUT_RETURN_TYPE = YES_ERROR;
				GCC_WARN_UNDECLARED_SELECTOR = YES;
				GCC_WARN_UNINITIALIZED_AUTOS = YES_AGGRESSIVE;
				GCC_WARN_UNUSED_FUNCTION = YES;
				GCC_WARN_UNUSED_VARIABLE = YES;
				IPHONEOS_DEPLOYMENT_TARGET = 9.2;
				MTL_ENABLE_DEBUG_INFO = YES;
				ONLY_ACTIVE_ARCH = YES;
				SDKROOT = iphoneos;
				SWIFT_OPTIMIZATION_LEVEL = "-Onone";
			};
			name = Debug;
		};
		F1AC03771C70BBFA00FD749A /* Release */ = {
			isa = XCBuildConfiguration;
			buildSettings = {
				ALWAYS_SEARCH_USER_PATHS = NO;
				CLANG_CXX_LANGUAGE_STANDARD = "gnu++0x";
				CLANG_CXX_LIBRARY = "libc++";
				CLANG_ENABLE_MODULES = YES;
				CLANG_ENABLE_OBJC_ARC = YES;
				CLANG_WARN_BOOL_CONVERSION = YES;
				CLANG_WARN_CONSTANT_CONVERSION = YES;
				CLANG_WARN_DIRECT_OBJC_ISA_USAGE = YES_ERROR;
				CLANG_WARN_EMPTY_BODY = YES;
				CLANG_WARN_ENUM_CONVERSION = YES;
				CLANG_WARN_INT_CONVERSION = YES;
				CLANG_WARN_OBJC_ROOT_CLASS = YES_ERROR;
				CLANG_WARN_UNREACHABLE_CODE = YES;
				CLANG_WARN__DUPLICATE_METHOD_MATCH = YES;
				"CODE_SIGN_IDENTITY[sdk=iphoneos*]" = "iPhone Developer";
				COPY_PHASE_STRIP = NO;
				DEBUG_INFORMATION_FORMAT = "dwarf-with-dsym";
				ENABLE_NS_ASSERTIONS = NO;
				ENABLE_STRICT_OBJC_MSGSEND = YES;
				GCC_C_LANGUAGE_STANDARD = gnu99;
				GCC_NO_COMMON_BLOCKS = YES;
				GCC_WARN_64_TO_32_BIT_CONVERSION = YES;
				GCC_WARN_ABOUT_RETURN_TYPE = YES_ERROR;
				GCC_WARN_UNDECLARED_SELECTOR = YES;
				GCC_WARN_UNINITIALIZED_AUTOS = YES_AGGRESSIVE;
				GCC_WARN_UNUSED_FUNCTION = YES;
				GCC_WARN_UNUSED_VARIABLE = YES;
				IPHONEOS_DEPLOYMENT_TARGET = 9.2;
				MTL_ENABLE_DEBUG_INFO = NO;
				SDKROOT = iphoneos;
				VALIDATE_PRODUCT = YES;
			};
			name = Release;
		};
		F1AC03791C70BBFA00FD749A /* Debug */ = {
			isa = XCBuildConfiguration;
			buildSettings = {
				ASSETCATALOG_COMPILER_APPICON_NAME = AppIcon;
				INFOPLIST_FILE = "rating-sample/Info.plist";
				LD_RUNPATH_SEARCH_PATHS = "$(inherited) @executable_path/Frameworks";
				PRODUCT_BUNDLE_IDENTIFIER = "com.katesimmons.rating-sample";
				PRODUCT_NAME = "$(TARGET_NAME)";
			};
			name = Debug;
		};
		F1AC037A1C70BBFA00FD749A /* Release */ = {
			isa = XCBuildConfiguration;
			buildSettings = {
				ASSETCATALOG_COMPILER_APPICON_NAME = AppIcon;
				INFOPLIST_FILE = "rating-sample/Info.plist";
				LD_RUNPATH_SEARCH_PATHS = "$(inherited) @executable_path/Frameworks";
				PRODUCT_BUNDLE_IDENTIFIER = "com.katesimmons.rating-sample";
				PRODUCT_NAME = "$(TARGET_NAME)";
			};
			name = Release;
		};
/* End XCBuildConfiguration section */

/* Begin XCConfigurationList section */
		F1AC035E1C70BBFA00FD749A /* Build configuration list for PBXProject "rating-sample" */ = {
			isa = XCConfigurationList;
			buildConfigurations = (
				F1AC03761C70BBFA00FD749A /* Debug */,
				F1AC03771C70BBFA00FD749A /* Release */,
			);
			defaultConfigurationIsVisible = 0;
			defaultConfigurationName = Release;
		};
		F1AC03781C70BBFA00FD749A /* Build configuration list for PBXNativeTarget "rating-sample" */ = {
			isa = XCConfigurationList;
			buildConfigurations = (
				F1AC03791C70BBFA00FD749A /* Debug */,
				F1AC037A1C70BBFA00FD749A /* Release */,
			);
			defaultConfigurationIsVisible = 0;
			defaultConfigurationName = Release;
		};
/* End XCConfigurationList section */

/* Begin XCVersionGroup section */
		F1AC036D1C70BBFA00FD749A /* rating_sample.xcdatamodeld */ = {
			isa = XCVersionGroup;
			children = (
				F1AC036E1C70BBFA00FD749A /* rating_sample.xcdatamodel */,
			);
			currentVersion = F1AC036E1C70BBFA00FD749A /* rating_sample.xcdatamodel */;
			path = rating_sample.xcdatamodeld;
			sourceTree = "<group>";
			versionGroupType = wrapper.xcdatamodel;
		};
/* End XCVersionGroup section */
	};
	rootObject = F1AC035B1C70BBFA00FD749A /* Project object */;
}
